
Microsoft Visual Studio Solution File, Format Version 12.00
# Visual Studio 2015
Project("{FAE04EC0-301F-11D3-BF4B-00C04F79EFBC}") = "MPTown", "MPTown.csproj", "{4A2AA83A-943E-E9AF-71C8-0FE298AA02A7}"
EndProject
Global
	GlobalSection(SolutionConfigurationPlatforms) = preSolution
		Debug|Any CPU = Debug|Any CPU
		Release|Any CPU = Release|Any CPU
	EndGlobalSection
	GlobalSection(ProjectConfigurationPlatforms) = postSolution
		{4A2AA83A-943E-E9AF-71C8-0FE298AA02A7}.Debug|Any CPU.ActiveCfg = Debug|Any CPU
		{4A2AA83A-943E-E9AF-71C8-0FE298AA02A7}.Debug|Any CPU.Build.0 = Debug|Any CPU
		{4A2AA83A-943E-E9AF-71C8-0FE298AA02A7}.Release|Any CPU.ActiveCfg = Release|Any CPU
		{4A2AA83A-943E-E9AF-71C8-0FE298AA02A7}.Release|Any CPU.Build.0 = Release|Any CPU
	EndGlobalSection
	GlobalSection(SolutionProperties) = preSolution
		HideSolutionNode = FALSE
	EndGlobalSection
EndGlobal
